
Microsoft Visual Studio Solution File, Format Version 12.00
Project("{FAE04EC0-301F-11D3-BF4B-00C04F79EFBC}") = "DeathTweaks", "DeathTweaks.csproj", "{D36822A5-72CD-471A-9432-017F138CA2C1}"
EndProject
Global
	GlobalSection(SolutionConfigurationPlatforms) = preSolution
		Debug|Any CPU = Debug|Any CPU
		Release|Any CPU = Release|Any CPU
	EndGlobalSection
	GlobalSection(ProjectConfigurationPlatforms) = postSolution
		{D36822A5-72CD-471A-9432-017F138CA2C1}.Debug|Any CPU.ActiveCfg = Debug|Any CPU
		{D36822A5-72CD-471A-9432-017F138CA2C1}.Debug|Any CPU.Build.0 = Debug|Any CPU
		{D36822A5-72CD-471A-9432-017F138CA2C1}.Release|Any CPU.ActiveCfg = Release|Any CPU
		{D36822A5-72CD-471A-9432-017F138CA2C1}.Release|Any CPU.Build.0 = Release|Any CPU
	EndGlobalSection
EndGlobal
